
Microsoft Visual Studio Solution File, Format Version 12.00
# Visual Studio Version 17
VisualStudioVersion = 17.5.33516.290
MinimumVisualStudioVersion = 10.0.40219.1
Project("{8BC9CEB8-8B4A-11D0-8D11-00A0C91BC942}") = "BotBinanse", "BotBinanse\BotBinanse.vcxproj", "{8EB71343-2EB7-49FF-8D12-2C0E619357B3}"
EndProject
Global
	GlobalSection(SolutionConfigurationPlatforms) = preSolution
		Debug|x64 = Debug|x64
		Debug|x86 = Debug|x86
		Release|x64 = Release|x64
		Release|x86 = Release|x86
	EndGlobalSection
	GlobalSection(ProjectConfigurationPlatforms) = postSolution
		{8EB71343-2EB7-49FF-8D12-2C0E619357B3}.Debug|x64.ActiveCfg = Debug|x64
		{8EB71343-2EB7-49FF-8D12-2C0E619357B3}.Debug|x64.Build.0 = Debug|x64
		{8EB71343-2EB7-49FF-8D12-2C0E619357B3}.Debug|x86.ActiveCfg = Debug|Win32
		{8EB71343-2EB7-49FF-8D12-2C0E619357B3}.Debug|x86.Build.0 = Debug|Win32
		{8EB71343-2EB7-49FF-8D12-2C0E619357B3}.Release|x64.ActiveCfg = Release|x64
		{8EB71343-2EB7-49FF-8D12-2C0E619357B3}.Release|x64.Build.0 = Release|x64
		{8EB71343-2EB7-49FF-8D12-2C0E619357B3}.Release|x86.ActiveCfg = Release|Win32
		{8EB71343-2EB7-49FF-8D12-2C0E619357B3}.Release|x86.Build.0 = Release|Win32
	EndGlobalSection
	GlobalSection(SolutionProperties) = preSolution
		HideSolutionNode = FALSE
	EndGlobalSection
	GlobalSection(ExtensibilityGlobals) = postSolution
		SolutionGuid = {CDAF2E42-3CBA-48A9-AC24-C05E33B05958}
	EndGlobalSection
EndGlobal
